// !$*UTF8*$!
{
	archiveVersion = 1;
	classes = {
	};
	objectVersion = 77;
	objects = {

/* Begin PBXContainerItemProxy section */
		C765877B2DE6E68900AA4F2B /* PBXContainerItemProxy */ = {
			isa = PBXContainerItemProxy;
			containerPortal = C76587652DE6E68600AA4F2B /* Project object */;
			proxyType = 1;
			remoteGlobalIDString = C765876C2DE6E68600AA4F2B;
			remoteInfo = CICDPipeline;
		};
		C76587852DE6E68900AA4F2B /* PBXContainerItemProxy */ = {
			isa = PBXContainerItemProxy;
			containerPortal = C76587652DE6E68600AA4F2B /* Project object */;
			proxyType = 1;
			remoteGlobalIDString = C765876C2DE6E68600AA4F2B;
			remoteInfo = CICDPipeline;
		};
/* End PBXContainerItemProxy section */

/* Begin PBXFileReference section */
		C765876D2DE6E68600AA4F2B /* CICDPipeline.app */ = {isa = PBXFileReference; explicitFileType = wrapper.application; includeInIndex = 0; path = CICDPipeline.app; sourceTree = BUILT_PRODUCTS_DIR; };
		C765877A2DE6E68900AA4F2B /* CICDPipelineTests.xctest */ = {isa = PBXFileReference; explicitFileType = wrapper.cfbundle; includeInIndex = 0; path = CICDPipelineTests.xctest; sourceTree = BUILT_PRODUCTS_DIR; };
		C76587842DE6E68900AA4F2B /* CICDPipelineUITests.xctest */ = {isa = PBXFileReference; explicitFileType = wrapper.cfbundle; includeInIndex = 0; path = CICDPipelineUITests.xctest; sourceTree = BUILT_PRODUCTS_DIR; };
/* End PBXFileReference section */

/* Begin PBXFileSystemSynchronizedRootGroup section */
		C765876F2DE6E68600AA4F2B /* CICDPipeline */ = {
			isa = PBXFileSystemSynchronizedRootGroup;
			path = CICDPipeline;
			sourceTree = "<group>";
		};
		C765877D2DE6E68900AA4F2B /* CICDPipelineTests */ = {
			isa = PBXFileSystemSynchronizedRootGroup;
			path = CICDPipelineTests;
			sourceTree = "<group>";
		};
		C76587872DE6E68900AA4F2B /* CICDPipelineUITests */ = {
			isa = PBXFileSystemSynchronizedRootGroup;
			path = CICDPipelineUITests;
			sourceTree = "<group>";
		};
/* End PBXFileSystemSynchronizedRootGroup section */

/* Begin PBXFrameworksBuildPhase section */
		C765876A2DE6E68600AA4F2B /* Frameworks */ = {
			isa = PBXFrameworksBuildPhase;
			buildActionMask = 2147483647;
			files = (
			);
			runOnlyForDeploymentPostprocessing = 0;
		};
		C76587772DE6E68900AA4F2B /* Frameworks */ = {
			isa = PBXFrameworksBuildPhase;
			buildActionMask = 2147483647;
			files = (
			);
			runOnlyForDeploymentPostprocessing = 0;
		};
		C76587812DE6E68900AA4F2B /* Frameworks */ = {
			isa = PBXFrameworksBuildPhase;
			buildActionMask = 2147483647;
			files = (
			);
			runOnlyForDeploymentPostprocessing = 0;
		};
/* End PBXFrameworksBuildPhase section */

/* Begin PBXGroup section */
		C76587642DE6E68600AA4F2B = {
			isa = PBXGroup;
			children = (
				C765876F2DE6E68600AA4F2B /* CICDPipeline */,
				C765877D2DE6E68900AA4F2B /* CICDPipelineTests */,
				C76587872DE6E68900AA4F2B /* CICDPipelineUITests */,
				C765876E2DE6E68600AA4F2B /* Products */,
			);
			sourceTree = "<group>";
		};
		C765876E2DE6E68600AA4F2B /* Products */ = {
			isa = PBXGroup;
			children = (
				C765876D2DE6E68600AA4F2B /* CICDPipeline.app */,
				C765877A2DE6E68900AA4F2B /* CICDPipelineTests.xctest */,
				C76587842DE6E68900AA4F2B /* CICDPipelineUITests.xctest */,
			);
			name = Products;
			sourceTree = "<group>";
		};
/* End PBXGroup section */

/* Begin PBXNativeTarget section */
		C765876C2DE6E68600AA4F2B /* CICDPipeline */ = {
			isa = PBXNativeTarget;
			buildConfigurationList = C765878E2DE6E68900AA4F2B /* Build configuration list for PBXNativeTarget "CICDPipeline" */;
			buildPhases = (
				C76587692DE6E68600AA4F2B /* Sources */,
				C765876A2DE6E68600AA4F2B /* Frameworks */,
				C765876B2DE6E68600AA4F2B /* Resources */,
			);
			buildRules = (
			);
			dependencies = (
			);
			fileSystemSynchronizedGroups = (
				C765876F2DE6E68600AA4F2B /* CICDPipeline */,
			);
			name = CICDPipeline;
			packageProductDependencies = (
			);
			productName = CICDPipeline;
			productReference = C765876D2DE6E68600AA4F2B /* CICDPipeline.app */;
			productType = "com.apple.product-type.application";
		};
		C76587792DE6E68900AA4F2B /* CICDPipelineTests */ = {
			isa = PBXNativeTarget;
			buildConfigurationList = C76587912DE6E68900AA4F2B /* Build configuration list for PBXNativeTarget "CICDPipelineTests" */;
			buildPhases = (
				C76587762DE6E68900AA4F2B /* Sources */,
				C76587772DE6E68900AA4F2B /* Frameworks */,
				C76587782DE6E68900AA4F2B /* Resources */,
			);
			buildRules = (
			);
			dependencies = (
				C765877C2DE6E68900AA4F2B /* PBXTargetDependency */,
			);
			fileSystemSynchronizedGroups = (
				C765877D2DE6E68900AA4F2B /* CICDPipelineTests */,
			);
			name = CICDPipelineTests;
			packageProductDependencies = (
			);
			productName = CICDPipelineTests;
			productReference = C765877A2DE6E68900AA4F2B /* CICDPipelineTests.xctest */;
			productType = "com.apple.product-type.bundle.unit-test";
		};
		C76587832DE6E68900AA4F2B /* CICDPipelineUITests */ = {
			isa = PBXNativeTarget;
			buildConfigurationList = C76587942DE6E68900AA4F2B /* Build configuration list for PBXNativeTarget "CICDPipelineUITests" */;
			buildPhases = (
				C76587802DE6E68900AA4F2B /* Sources */,
				C76587812DE6E68900AA4F2B /* Frameworks */,
				C76587822DE6E68900AA4F2B /* Resources */,
			);
			buildRules = (
			);
			dependencies = (
				C76587862DE6E68900AA4F2B /* PBXTargetDependency */,
			);
			fileSystemSynchronizedGroups = (
				C76587872DE6E68900AA4F2B /* CICDPipelineUITests */,
			);
			name = CICDPipelineUITests;
			packageProductDependencies = (
			);
			productName = CICDPipelineUITests;
			productReference = C76587842DE6E68900AA4F2B /* CICDPipelineUITests.xctest */;
			productType = "com.apple.product-type.bundle.ui-testing";
		};
/* End PBXNativeTarget section */

/* Begin PBXProject section */
		C76587652DE6E68600AA4F2B /* Project object */ = {
			isa = PBXProject;
			attributes = {
				BuildIndependentTargetsInParallel = 1;
				LastSwiftUpdateCheck = 1630;
				LastUpgradeCheck = 1630;
				TargetAttributes = {
					C765876C2DE6E68600AA4F2B = {
						CreatedOnToolsVersion = 16.3;
					};
					C76587792DE6E68900AA4F2B = {
						CreatedOnToolsVersion = 16.3;
						TestTargetID = C765876C2DE6E68600AA4F2B;
					};
					C76587832DE6E68900AA4F2B = {
						CreatedOnToolsVersion = 16.3;
						TestTargetID = C765876C2DE6E68600AA4F2B;
					};
				};
			};
			buildConfigurationList = C76587682DE6E68600AA4F2B /* Build configuration list for PBXProject "CICDPipeline" */;
			developmentRegion = en;
			hasScannedForEncodings = 0;
			knownRegions = (
				en,
				Base,
			);
			mainGroup = C76587642DE6E68600AA4F2B;
			minimizedProjectReferenceProxies = 1;
			preferredProjectObjectVersion = 77;
			productRefGroup = C765876E2DE6E68600AA4F2B /* Products */;
			projectDirPath = "";
			projectRoot = "";
			targets = (
				C765876C2DE6E68600AA4F2B /* CICDPipeline */,
				C76587792DE6E68900AA4F2B /* CICDPipelineTests */,
				C76587832DE6E68900AA4F2B /* CICDPipelineUITests */,
			);
		};
/* End PBXProject section */

/* Begin PBXResourcesBuildPhase section */
		C765876B2DE6E68600AA4F2B /* Resources */ = {
			isa = PBXResourcesBuildPhase;
			buildActionMask = 2147483647;
			files = (
			);
			runOnlyForDeploymentPostprocessing = 0;
		};
		C76587782DE6E68900AA4F2B /* Resources */ = {
			isa = PBXResourcesBuildPhase;
			buildActionMask = 2147483647;
			files = (
			);
			runOnlyForDeploymentPostprocessing = 0;
		};
		C76587822DE6E68900AA4F2B /* Resources */ = {
			isa = PBXResourcesBuildPhase;
			buildActionMask = 2147483647;
			files = (
			);
			runOnlyForDeploymentPostprocessing = 0;
		};
/* End PBXResourcesBuildPhase section */

/* Begin PBXSourcesBuildPhase section */
		C76587692DE6E68600AA4F2B /* Sources */ = {
			isa = PBXSourcesBuildPhase;
			buildActionMask = 2147483647;
			files = (
			);
			runOnlyForDeploymentPostprocessing = 0;
		};
		C76587762DE6E68900AA4F2B /* Sources */ = {
			isa = PBXSourcesBuildPhase;
			buildActionMask = 2147483647;
			files = (
			);
			runOnlyForDeploymentPostprocessing = 0;
		};
		C76587802DE6E68900AA4F2B /* Sources */ = {
			isa = PBXSourcesBuildPhase;
			buildActionMask = 2147483647;
			files = (
			);
			runOnlyForDeploymentPostprocessing = 0;
		};
/* End PBXSourcesBuildPhase section */

/* Begin PBXTargetDependency section */
		C765877C2DE6E68900AA4F2B /* PBXTargetDependency */ = {
			isa = PBXTargetDependency;
			target = C765876C2DE6E68600AA4F2B /* CICDPipeline */;
			targetProxy = C765877B2DE6E68900AA4F2B /* PBXContainerItemProxy */;
		};
		C76587862DE6E68900AA4F2B /* PBXTargetDependency */ = {
			isa = PBXTargetDependency;
			target = C765876C2DE6E68600AA4F2B /* CICDPipeline */;
			targetProxy = C76587852DE6E68900AA4F2B /* PBXContainerItemProxy */;
		};
/* End PBXTargetDependency section */

/* Begin XCBuildConfiguration section */
		C765878C2DE6E68900AA4F2B /* Debug */ = {
			isa = XCBuildConfiguration;
			buildSettings = {
				ALWAYS_SEARCH_USER_PATHS = NO;
				ASSETCATALOG_COMPILER_GENERATE_SWIFT_ASSET_SYMBOL_EXTENSIONS = YES;
				CLANG_ANALYZER_NONNULL = YES;
				CLANG_ANALYZER_NUMBER_OBJECT_CONVERSION = YES_AGGRESSIVE;
				CLANG_CXX_LANGUAGE_STANDARD = "gnu++20";
				CLANG_ENABLE_MODULES = YES;
				CLANG_ENABLE_OBJC_ARC = YES;
				CLANG_ENABLE_OBJC_WEAK = YES;
				CLANG_WARN_BLOCK_CAPTURE_AUTORELEASING = YES;
				CLANG_WARN_BOOL_CONVERSION = YES;
				CLANG_WARN_COMMA = YES;
				CLANG_WARN_CONSTANT_CONVERSION = YES;
				CLANG_WARN_DEPRECATED_OBJC_IMPLEMENTATIONS = YES;
				CLANG_WARN_DIRECT_OBJC_ISA_USAGE = YES_ERROR;
				CLANG_WARN_DOCUMENTATION_COMMENTS = YES;
				CLANG_WARN_EMPTY_BODY = YES;
				CLANG_WARN_ENUM_CONVERSION = YES;
				CLANG_WARN_INFINITE_RECURSION = YES;
				CLANG_WARN_INT_CONVERSION = YES;
				CLANG_WARN_NON_LITERAL_NULL_CONVERSION = YES;
				CLANG_WARN_OBJC_IMPLICIT_RETAIN_SELF = YES;
				CLANG_WARN_OBJC_LITERAL_CONVERSION = YES;
				CLANG_WARN_OBJC_ROOT_CLASS = YES_ERROR;
				CLANG_WARN_QUOTED_INCLUDE_IN_FRAMEWORK_HEADER = YES;
				CLANG_WARN_RANGE_LOOP_ANALYSIS = YES;
				CLANG_WARN_STRICT_PROTOTYPES = YES;
				CLANG_WARN_SUSPICIOUS_MOVE = YES;
				CLANG_WARN_UNGUARDED_AVAILABILITY = YES_AGGRESSIVE;
				CLANG_WARN_UNREACHABLE_CODE = YES;
				CLANG_WARN__DUPLICATE_METHOD_MATCH = YES;
				COPY_PHASE_STRIP = NO;
				DEBUG_INFORMATION_FORMAT = dwarf;
				DEVELOPMENT_TEAM = 3F3FD7AA3K;
				ENABLE_STRICT_OBJC_MSGSEND = YES;
				ENABLE_TESTABILITY = YES;
				ENABLE_USER_SCRIPT_SANDBOXING = YES;
				GCC_C_LANGUAGE_STANDARD = gnu17;
				GCC_DYNAMIC_NO_PIC = NO;
				GCC_NO_COMMON_BLOCKS = YES;
				GCC_OPTIMIZATION_LEVEL = 0;
				GCC_PREPROCESSOR_DEFINITIONS = (
					"DEBUG=1",
					"$(inherited)",
				);
				GCC_WARN_64_TO_32_BIT_CONVERSION = YES;
				GCC_WARN_ABOUT_RETURN_TYPE = YES_ERROR;
				GCC_WARN_UNDECLARED_SELECTOR = YES;
				GCC_WARN_UNINITIALIZED_AUTOS = YES_AGGRESSIVE;
				GCC_WARN_UNUSED_FUNCTION = YES;
				GCC_WARN_UNUSED_VARIABLE = YES;
				IPHONEOS_DEPLOYMENT_TARGET = 18.4;
				LOCALIZATION_PREFERS_STRING_CATALOGS = YES;
				MTL_ENABLE_DEBUG_INFO = INCLUDE_SOURCE;
				MTL_FAST_MATH = YES;
				ONLY_ACTIVE_ARCH = YES;
				SDKROOT = iphoneos;
				SWIFT_ACTIVE_COMPILATION_CONDITIONS = "DEBUG $(inherited)";
				SWIFT_OPTIMIZATION_LEVEL = "-Onone";
			};
			name = Debug;
		};
		C765878D2DE6E68900AA4F2B /* Release */ = {
			isa = XCBuildConfiguration;
			buildSettings = {
				ALWAYS_SEARCH_USER_PATHS = NO;
				ASSETCATALOG_COMPILER_GENERATE_SWIFT_ASSET_SYMBOL_EXTENSIONS = YES;
				CLANG_ANALYZER_NONNULL = YES;
				CLANG_ANALYZER_NUMBER_OBJECT_CONVERSION = YES_AGGRESSIVE;
				CLANG_CXX_LANGUAGE_STANDARD = "gnu++20";
				CLANG_ENABLE_MODULES = YES;
				CLANG_ENABLE_OBJC_ARC = YES;
				CLANG_ENABLE_OBJC_WEAK = YES;
				CLANG_WARN_BLOCK_CAPTURE_AUTORELEASING = YES;
				CLANG_WARN_BOOL_CONVERSION = YES;
				CLANG_WARN_COMMA = YES;
				CLANG_WARN_CONSTANT_CONVERSION = YES;
				CLANG_WARN_DEPRECATED_OBJC_IMPLEMENTATIONS = YES;
				CLANG_WARN_DIRECT_OBJC_ISA_USAGE = YES_ERROR;
				CLANG_WARN_DOCUMENTATION_COMMENTS = YES;
				CLANG_WARN_EMPTY_BODY = YES;
				CLANG_WARN_ENUM_CONVERSION = YES;
				CLANG_WARN_INFINITE_RECURSION = YES;
				CLANG_WARN_INT_CONVERSION = YES;
				CLANG_WARN_NON_LITERAL_NULL_CONVERSION = YES;
				CLANG_WARN_OBJC_IMPLICIT_RETAIN_SELF = YES;
				CLANG_WARN_OBJC_LITERAL_CONVERSION = YES;
				CLANG_WARN_OBJC_ROOT_CLASS = YES_ERROR;
				CLANG_WARN_QUOTED_INCLUDE_IN_FRAMEWORK_HEADER = YES;
				CLANG_WARN_RANGE_LOOP_ANALYSIS = YES;
				CLANG_WARN_STRICT_PROTOTYPES = YES;
				CLANG_WARN_SUSPICIOUS_MOVE = YES;
				CLANG_WARN_UNGUARDED_AVAILABILITY = YES_AGGRESSIVE;
				CLANG_WARN_UNREACHABLE_CODE = YES;
				CLANG_WARN__DUPLICATE_METHOD_MATCH = YES;
				COPY_PHASE_STRIP = NO;
				DEBUG_INFORMATION_FORMAT = "dwarf-with-dsym";
				DEVELOPMENT_TEAM = 3F3FD7AA3K;
				ENABLE_NS_ASSERTIONS = NO;
				ENABLE_STRICT_OBJC_MSGSEND = YES;
				ENABLE_USER_SCRIPT_SANDBOXING = YES;
				GCC_C_LANGUAGE_STANDARD = gnu17;
				GCC_NO_COMMON_BLOCKS = YES;
				GCC_WARN_64_TO_32_BIT_CONVERSION = YES;
				GCC_WARN_ABOUT_RETURN_TYPE = YES_ERROR;
				GCC_WARN_UNDECLARED_SELECTOR = YES;
				GCC_WARN_UNINITIALIZED_AUTOS = YES_AGGRESSIVE;
				GCC_WARN_UNUSED_FUNCTION = YES;
				GCC_WARN_UNUSED_VARIABLE = YES;
				IPHONEOS_DEPLOYMENT_TARGET = 18.4;
				LOCALIZATION_PREFERS_STRING_CATALOGS = YES;
				MTL_ENABLE_DEBUG_INFO = NO;
				MTL_FAST_MATH = YES;
				SDKROOT = iphoneos;
				SWIFT_COMPILATION_MODE = wholemodule;
				VALIDATE_PRODUCT = YES;
			};
			name = Release;
		};
		C765878F2DE6E68900AA4F2B /* Debug */ = {
			isa = XCBuildConfiguration;
			buildSettings = {
				ASSETCATALOG_COMPILER_APPICON_NAME = AppIcon;
				ASSETCATALOG_COMPILER_GLOBAL_ACCENT_COLOR_NAME = AccentColor;
				CODE_SIGN_STYLE = Automatic;
				CURRENT_PROJECT_VERSION = 1;
				DEVELOPMENT_TEAM = 3F3FD7AA3K;
				ENABLE_PREVIEWS = YES;
				GENERATE_INFOPLIST_FILE = YES;
				INFOPLIST_KEY_UIApplicationSceneManifest_Generation = YES;
				INFOPLIST_KEY_UIApplicationSupportsIndirectInputEvents = YES;
				INFOPLIST_KEY_UILaunchScreen_Generation = YES;
				INFOPLIST_KEY_UISupportedInterfaceOrientations_iPad = "UIInterfaceOrientationPortrait UIInterfaceOrientationPortraitUpsideDown UIInterfaceOrientationLandscapeLeft UIInterfaceOrientationLandscapeRight";
				INFOPLIST_KEY_UISupportedInterfaceOrientations_iPhone = "UIInterfaceOrientationPortrait UIInterfaceOrientationLandscapeLeft UIInterfaceOrientationLandscapeRight";
				LD_RUNPATH_SEARCH_PATHS = (
					"$(inherited)",
					"@executable_path/Frameworks",
				);
				MARKETING_VERSION = 1.0;
				PRODUCT_BUNDLE_IDENTIFIER = com.innominds.cicdsetup.CICDPipeline;
				PRODUCT_NAME = "$(TARGET_NAME)";
				SWIFT_EMIT_LOC_STRINGS = YES;
				SWIFT_VERSION = 5.0;
				TARGETED_DEVICE_FAMILY = "1,2";
			};
			name = Debug;
		};
		C76587902DE6E68900AA4F2B /* Release */ = {
			isa = XCBuildConfiguration;
			buildSettings = {
				ASSETCATALOG_COMPILER_APPICON_NAME = AppIcon;
				ASSETCATALOG_COMPILER_GLOBAL_ACCENT_COLOR_NAME = AccentColor;
				CODE_SIGN_STYLE = Automatic;
				CURRENT_PROJECT_VERSION = 1;
				DEVELOPMENT_TEAM = 3F3FD7AA3K;
				ENABLE_PREVIEWS = YES;
				GENERATE_INFOPLIST_FILE = YES;
				INFOPLIST_KEY_UIApplicationSceneManifest_Generation = YES;
				INFOPLIST_KEY_UIApplicationSupportsIndirectInputEvents = YES;
				INFOPLIST_KEY_UILaunchScreen_Generation = YES;
				INFOPLIST_KEY_UISupportedInterfaceOrientations_iPad = "UIInterfaceOrientationPortrait UIInterfaceOrientationPortraitUpsideDown UIInterfaceOrientationLandscapeLeft UIInterfaceOrientationLandscapeRight";
				INFOPLIST_KEY_UISupportedInterfaceOrientations_iPhone = "UIInterfaceOrientationPortrait UIInterfaceOrientationLandscapeLeft UIInterfaceOrientationLandscapeRight";
				LD_RUNPATH_SEARCH_PATHS = (
					"$(inherited)",
					"@executable_path/Frameworks",
				);
				MARKETING_VERSION = 1.0;
				PRODUCT_BUNDLE_IDENTIFIER = com.innominds.cicdsetup.CICDPipeline;
				PRODUCT_NAME = "$(TARGET_NAME)";
				SWIFT_EMIT_LOC_STRINGS = YES;
				SWIFT_VERSION = 5.0;
				TARGETED_DEVICE_FAMILY = "1,2";
			};
			name = Release;
		};
		C76587922DE6E68900AA4F2B /* Debug */ = {
			isa = XCBuildConfiguration;
			buildSettings = {
				BUNDLE_LOADER = "$(TEST_HOST)";
				CODE_SIGN_STYLE = Automatic;
				CURRENT_PROJECT_VERSION = 1;
				DEVELOPMENT_TEAM = 3F3FD7AA3K;
				GENERATE_INFOPLIST_FILE = YES;
				IPHONEOS_DEPLOYMENT_TARGET = 18.4;
				MARKETING_VERSION = 1.0;
				PRODUCT_BUNDLE_IDENTIFIER = com.innominds.cicdsetup.CICDPipelineTests;
				PRODUCT_NAME = "$(TARGET_NAME)";
				SWIFT_EMIT_LOC_STRINGS = NO;
				SWIFT_VERSION = 5.0;
				TARGETED_DEVICE_FAMILY = "1,2";
				TEST_HOST = "$(BUILT_PRODUCTS_DIR)/CICDPipeline.app/$(BUNDLE_EXECUTABLE_FOLDER_PATH)/CICDPipeline";
			};
			name = Debug;
		};
		C76587932DE6E68900AA4F2B /* Release */ = {
			isa = XCBuildConfiguration;
			buildSettings = {
				BUNDLE_LOADER = "$(TEST_HOST)";
				CODE_SIGN_STYLE = Automatic;
				CURRENT_PROJECT_VERSION = 1;
				DEVELOPMENT_TEAM = 3F3FD7AA3K;
				GENERATE_INFOPLIST_FILE = YES;
				IPHONEOS_DEPLOYMENT_TARGET = 18.4;
				MARKETING_VERSION = 1.0;
				PRODUCT_BUNDLE_IDENTIFIER = com.innominds.cicdsetup.CICDPipelineTests;
				PRODUCT_NAME = "$(TARGET_NAME)";
				SWIFT_EMIT_LOC_STRINGS = NO;
				SWIFT_VERSION = 5.0;
				TARGETED_DEVICE_FAMILY = "1,2";
				TEST_HOST = "$(BUILT_PRODUCTS_DIR)/CICDPipeline.app/$(BUNDLE_EXECUTABLE_FOLDER_PATH)/CICDPipeline";
			};
			name = Release;
		};
		C76587952DE6E68900AA4F2B /* Debug */ = {
			isa = XCBuildConfiguration;
			buildSettings = {
				CODE_SIGN_STYLE = Automatic;
				CURRENT_PROJECT_VERSION = 1;
				DEVELOPMENT_TEAM = 3F3FD7AA3K;
				GENERATE_INFOPLIST_FILE = YES;
				MARKETING_VERSION = 1.0;
				PRODUCT_BUNDLE_IDENTIFIER = com.innominds.cicdsetup.CICDPipelineUITests;
				PRODUCT_NAME = "$(TARGET_NAME)";
				SWIFT_EMIT_LOC_STRINGS = NO;
				SWIFT_VERSION = 5.0;
				TARGETED_DEVICE_FAMILY = "1,2";
				TEST_TARGET_NAME = CICDPipeline;
			};
			name = Debug;
		};
		C76587962DE6E68900AA4F2B /* Release */ = {
			isa = XCBuildConfiguration;
			buildSettings = {
				CODE_SIGN_STYLE = Automatic;
				CURRENT_PROJECT_VERSION = 1;
				DEVELOPMENT_TEAM = 3F3FD7AA3K;
				GENERATE_INFOPLIST_FILE = YES;
				MARKETING_VERSION = 1.0;
				PRODUCT_BUNDLE_IDENTIFIER = com.innominds.cicdsetup.CICDPipelineUITests;
				PRODUCT_NAME = "$(TARGET_NAME)";
				SWIFT_EMIT_LOC_STRINGS = NO;
				SWIFT_VERSION = 5.0;
				TARGETED_DEVICE_FAMILY = "1,2";
				TEST_TARGET_NAME = CICDPipeline;
			};
			name = Release;
		};
/* End XCBuildConfiguration section */

/* Begin XCConfigurationList section */
		C76587682DE6E68600AA4F2B /* Build configuration list for PBXProject "CICDPipeline" */ = {
			isa = XCConfigurationList;
			buildConfigurations = (
				C765878C2DE6E68900AA4F2B /* Debug */,
				C765878D2DE6E68900AA4F2B /* Release */,
			);
			defaultConfigurationIsVisible = 0;
			defaultConfigurationName = Release;
		};
		C765878E2DE6E68900AA4F2B /* Build configuration list for PBXNativeTarget "CICDPipeline" */ = {
			isa = XCConfigurationList;
			buildConfigurations = (
				C765878F2DE6E68900AA4F2B /* Debug */,
				C76587902DE6E68900AA4F2B /* Release */,
			);
			defaultConfigurationIsVisible = 0;
			defaultConfigurationName = Release;
		};
		C76587912DE6E68900AA4F2B /* Build configuration list for PBXNativeTarget "CICDPipelineTests" */ = {
			isa = XCConfigurationList;
			buildConfigurations = (
				C76587922DE6E68900AA4F2B /* Debug */,
				C76587932DE6E68900AA4F2B /* Release */,
			);
			defaultConfigurationIsVisible = 0;
			defaultConfigurationName = Release;
		};
		C76587942DE6E68900AA4F2B /* Build configuration list for PBXNativeTarget "CICDPipelineUITests" */ = {
			isa = XCConfigurationList;
			buildConfigurations = (
				C76587952DE6E68900AA4F2B /* Debug */,
				C76587962DE6E68900AA4F2B /* Release */,
			);
			defaultConfigurationIsVisible = 0;
			defaultConfigurationName = Release;
		};
/* End XCConfigurationList section */
	};
	rootObject = C76587652DE6E68600AA4F2B /* Project object */;
}
